// !$*UTF8*$!
{
	archiveVersion = 1;
	classes = {
	};
	objectVersion = 46;
	objects = {

/* Begin PBXBuildFile section */
		648ADA6492522BC3DD6F171A /* Pods_DrawNum.framework in Frameworks */ = {isa = PBXBuildFile; fileRef = 90590BDE8B2BBCE3DE1C59D8 /* Pods_DrawNum.framework */; };
		7342087E1EA1C11100DBB0A0 /* UIImage+Bitmap.swift in Sources */ = {isa = PBXBuildFile; fileRef = 7342087D1EA1C11100DBB0A0 /* UIImage+Bitmap.swift */; };
		734208801EA1C1D400DBB0A0 /* BitmapManager.swift in Sources */ = {isa = PBXBuildFile; fileRef = 7342087F1EA1C1D400DBB0A0 /* BitmapManager.swift */; };
		734208821EA1C26600DBB0A0 /* Bitmap.swift in Sources */ = {isa = PBXBuildFile; fileRef = 734208811EA1C26600DBB0A0 /* Bitmap.swift */; };
		7355C90F1EA14CE4006DF6AA /* AppDelegate.swift in Sources */ = {isa = PBXBuildFile; fileRef = 7355C90E1EA14CE4006DF6AA /* AppDelegate.swift */; };
		7355C9111EA14CE4006DF6AA /* MainViewController.swift in Sources */ = {isa = PBXBuildFile; fileRef = 7355C9101EA14CE4006DF6AA /* MainViewController.swift */; };
		7355C9141EA14CE4006DF6AA /* Main.storyboard in Resources */ = {isa = PBXBuildFile; fileRef = 7355C9121EA14CE4006DF6AA /* Main.storyboard */; };
		7355C9161EA14CE4006DF6AA /* Assets.xcassets in Resources */ = {isa = PBXBuildFile; fileRef = 7355C9151EA14CE4006DF6AA /* Assets.xcassets */; };
		7355C9191EA14CE4006DF6AA /* LaunchScreen.storyboard in Resources */ = {isa = PBXBuildFile; fileRef = 7355C9171EA14CE4006DF6AA /* LaunchScreen.storyboard */; };
		7355C9241EA15661006DF6AA /* DrawView.swift in Sources */ = {isa = PBXBuildFile; fileRef = 7355C9231EA15661006DF6AA /* DrawView.swift */; };
/* End PBXBuildFile section */

/* Begin PBXFileReference section */
		56A4BFF47A59A80929BDB741 /* Pods-DrawNum.debug.xcconfig */ = {isa = PBXFileReference; includeInIndex = 1; lastKnownFileType = text.xcconfig; name = "Pods-DrawNum.debug.xcconfig"; path = "Pods/Target Support Files/Pods-DrawNum/Pods-DrawNum.debug.xcconfig"; sourceTree = "<group>"; };
		7342087D1EA1C11100DBB0A0 /* UIImage+Bitmap.swift */ = {isa = PBXFileReference; fileEncoding = 4; lastKnownFileType = sourcecode.swift; path = "UIImage+Bitmap.swift"; sourceTree = "<group>"; };
		7342087F1EA1C1D400DBB0A0 /* BitmapManager.swift */ = {isa = PBXFileReference; fileEncoding = 4; lastKnownFileType = sourcecode.swift; path = BitmapManager.swift; sourceTree = "<group>"; };
		734208811EA1C26600DBB0A0 /* Bitmap.swift */ = {isa = PBXFileReference; fileEncoding = 4; lastKnownFileType = sourcecode.swift; path = Bitmap.swift; sourceTree = "<group>"; };
		7355C90B1EA14CE4006DF6AA /* DrawNum.app */ = {isa = PBXFileReference; explicitFileType = wrapper.application; includeInIndex = 0; path = DrawNum.app; sourceTree = BUILT_PRODUCTS_DIR; };
		7355C90E1EA14CE4006DF6AA /* AppDelegate.swift */ = {isa = PBXFileReference; lastKnownFileType = sourcecode.swift; path = AppDelegate.swift; sourceTree = "<group>"; };
		7355C9101EA14CE4006DF6AA /* MainViewController.swift */ = {isa = PBXFileReference; lastKnownFileType = sourcecode.swift; path = MainViewController.swift; sourceTree = "<group>"; };
		7355C9131EA14CE4006DF6AA /* Base */ = {isa = PBXFileReference; lastKnownFileType = file.storyboard; name = Base; path = Base.lproj/Main.storyboard; sourceTree = "<group>"; };
		7355C9151EA14CE4006DF6AA /* Assets.xcassets */ = {isa = PBXFileReference; lastKnownFileType = folder.assetcatalog; path = Assets.xcassets; sourceTree = "<group>"; };
		7355C9181EA14CE4006DF6AA /* Base */ = {isa = PBXFileReference; lastKnownFileType = file.storyboard; name = Base; path = Base.lproj/LaunchScreen.storyboard; sourceTree = "<group>"; };
		7355C91A1EA14CE4006DF6AA /* Info.plist */ = {isa = PBXFileReference; lastKnownFileType = text.plist.xml; path = Info.plist; sourceTree = "<group>"; };
		7355C9231EA15661006DF6AA /* DrawView.swift */ = {isa = PBXFileReference; fileEncoding = 4; lastKnownFileType = sourcecode.swift; path = DrawView.swift; sourceTree = "<group>"; };
		90590BDE8B2BBCE3DE1C59D8 /* Pods_DrawNum.framework */ = {isa = PBXFileReference; explicitFileType = wrapper.framework; includeInIndex = 0; path = Pods_DrawNum.framework; sourceTree = BUILT_PRODUCTS_DIR; };
		998B9CAC9F25AFCD494769E6 /* Pods-DrawNum.release.xcconfig */ = {isa = PBXFileReference; includeInIndex = 1; lastKnownFileType = text.xcconfig; name = "Pods-DrawNum.release.xcconfig"; path = "Pods/Target Support Files/Pods-DrawNum/Pods-DrawNum.release.xcconfig"; sourceTree = "<group>"; };
/* End PBXFileReference section */

/* Begin PBXFrameworksBuildPhase section */
		7355C9081EA14CE4006DF6AA /* Frameworks */ = {
			isa = PBXFrameworksBuildPhase;
			buildActionMask = 2147483647;
			files = (
				648ADA6492522BC3DD6F171A /* Pods_DrawNum.framework in Frameworks */,
			);
			runOnlyForDeploymentPostprocessing = 0;
		};
/* End PBXFrameworksBuildPhase section */

/* Begin PBXGroup section */
		7342087C1EA1C0F700DBB0A0 /* Extensions */ = {
			isa = PBXGroup;
			children = (
				7342087D1EA1C11100DBB0A0 /* UIImage+Bitmap.swift */,
			);
			name = Extensions;
			sourceTree = "<group>";
		};
		7355C9021EA14CE4006DF6AA = {
			isa = PBXGroup;
			children = (
				7355C90D1EA14CE4006DF6AA /* DrawNum */,
				7355C90C1EA14CE4006DF6AA /* Products */,
				7D3A286466EEF8A3FD9A8E93 /* Pods */,
				C9C1D3AB44BC1BAEDCDAB2AD /* Frameworks */,
			);
			sourceTree = "<group>";
		};
		7355C90C1EA14CE4006DF6AA /* Products */ = {
			isa = PBXGroup;
			children = (
				7355C90B1EA14CE4006DF6AA /* DrawNum.app */,
			);
			name = Products;
			sourceTree = "<group>";
		};
		7355C90D1EA14CE4006DF6AA /* DrawNum */ = {
			isa = PBXGroup;
			children = (
				734208811EA1C26600DBB0A0 /* Bitmap.swift */,
				7342087F1EA1C1D400DBB0A0 /* BitmapManager.swift */,
				7355C9121EA14CE4006DF6AA /* Main.storyboard */,
				7355C9231EA15661006DF6AA /* DrawView.swift */,
				7355C9101EA14CE4006DF6AA /* MainViewController.swift */,
				7342087C1EA1C0F700DBB0A0 /* Extensions */,
				7355C9201EA14CF0006DF6AA /* Other Resources */,
			);
			path = DrawNum;
			sourceTree = "<group>";
		};
		7355C9201EA14CF0006DF6AA /* Other Resources */ = {
			isa = PBXGroup;
			children = (
				7355C90E1EA14CE4006DF6AA /* AppDelegate.swift */,
				7355C9151EA14CE4006DF6AA /* Assets.xcassets */,
				7355C9171EA14CE4006DF6AA /* LaunchScreen.storyboard */,
				7355C91A1EA14CE4006DF6AA /* Info.plist */,
			);
			name = "Other Resources";
			sourceTree = "<group>";
		};
		7D3A286466EEF8A3FD9A8E93 /* Pods */ = {
			isa = PBXGroup;
			children = (
				56A4BFF47A59A80929BDB741 /* Pods-DrawNum.debug.xcconfig */,
				998B9CAC9F25AFCD494769E6 /* Pods-DrawNum.release.xcconfig */,
			);
			name = Pods;
			sourceTree = "<group>";
		};
		C9C1D3AB44BC1BAEDCDAB2AD /* Frameworks */ = {
			isa = PBXGroup;
			children = (
				90590BDE8B2BBCE3DE1C59D8 /* Pods_DrawNum.framework */,
			);
			name = Frameworks;
			sourceTree = "<group>";
		};
/* End PBXGroup section */

/* Begin PBXNativeTarget section */
		7355C90A1EA14CE4006DF6AA /* DrawNum */ = {
			isa = PBXNativeTarget;
			buildConfigurationList = 7355C91D1EA14CE4006DF6AA /* Build configuration list for PBXNativeTarget "DrawNum" */;
			buildPhases = (
				8185C6FCB92B547F10E80E49 /* [CP] Check Pods Manifest.lock */,
				7355C9071EA14CE4006DF6AA /* Sources */,
				7355C9081EA14CE4006DF6AA /* Frameworks */,
				7355C9091EA14CE4006DF6AA /* Resources */,
				FB8A900F631E7706E920F576 /* [CP] Embed Pods Frameworks */,
				4AE0D46D0B055A9857931646 /* [CP] Copy Pods Resources */,
			);
			buildRules = (
			);
			dependencies = (
			);
			name = DrawNum;
			productName = DrawNum;
			productReference = 7355C90B1EA14CE4006DF6AA /* DrawNum.app */;
			productType = "com.apple.product-type.application";
		};
/* End PBXNativeTarget section */

/* Begin PBXProject section */
		7355C9031EA14CE4006DF6AA /* Project object */ = {
			isa = PBXProject;
			attributes = {
				LastSwiftUpdateCheck = 0830;
				LastUpgradeCheck = 0830;
				ORGANIZATIONNAME = "SistemasInteligentes-ITESM-JCTorres-CVillanueva";
				TargetAttributes = {
					7355C90A1EA14CE4006DF6AA = {
						CreatedOnToolsVersion = 8.3.1;
						DevelopmentTeam = 3XY72ZA2YW;
						ProvisioningStyle = Automatic;
					};
				};
			};
			buildConfigurationList = 7355C9061EA14CE4006DF6AA /* Build configuration list for PBXProject "DrawNum" */;
			compatibilityVersion = "Xcode 3.2";
			developmentRegion = English;
			hasScannedForEncodings = 0;
			knownRegions = (
				en,
				Base,
			);
			mainGroup = 7355C9021EA14CE4006DF6AA;
			productRefGroup = 7355C90C1EA14CE4006DF6AA /* Products */;
			projectDirPath = "";
			projectRoot = "";
			targets = (
				7355C90A1EA14CE4006DF6AA /* DrawNum */,
			);
		};
/* End PBXProject section */

/* Begin PBXResourcesBuildPhase section */
		7355C9091EA14CE4006DF6AA /* Resources */ = {
			isa = PBXResourcesBuildPhase;
			buildActionMask = 2147483647;
			files = (
				7355C9191EA14CE4006DF6AA /* LaunchScreen.storyboard in Resources */,
				7355C9161EA14CE4006DF6AA /* Assets.xcassets in Resources */,
				7355C9141EA14CE4006DF6AA /* Main.storyboard in Resources */,
			);
			runOnlyForDeploymentPostprocessing = 0;
		};
/* End PBXResourcesBuildPhase section */

/* Begin PBXShellScriptBuildPhase section */
		4AE0D46D0B055A9857931646 /* [CP] Copy Pods Resources */ = {
			isa = PBXShellScriptBuildPhase;
			buildActionMask = 2147483647;
			files = (
			);
			inputPaths = (
			);
			name = "[CP] Copy Pods Resources";
			outputPaths = (
			);
			runOnlyForDeploymentPostprocessing = 0;
			shellPath = /bin/sh;
			shellScript = "\"${SRCROOT}/Pods/Target Support Files/Pods-DrawNum/Pods-DrawNum-resources.sh\"\n";
			showEnvVarsInLog = 0;
		};
		8185C6FCB92B547F10E80E49 /* [CP] Check Pods Manifest.lock */ = {
			isa = PBXShellScriptBuildPhase;
			buildActionMask = 2147483647;
			files = (
			);
			inputPaths = (
			);
			name = "[CP] Check Pods Manifest.lock";
			outputPaths = (
			);
			runOnlyForDeploymentPostprocessing = 0;
			shellPath = /bin/sh;
			shellScript = "diff \"${PODS_PODFILE_DIR_PATH}/Podfile.lock\" \"${PODS_ROOT}/Manifest.lock\" > /dev/null\nif [ $? != 0 ] ; then\n    # print error to STDERR\n    echo \"error: The sandbox is not in sync with the Podfile.lock. Run 'pod install' or update your CocoaPods installation.\" >&2\n    exit 1\nfi\n";
			showEnvVarsInLog = 0;
		};
		FB8A900F631E7706E920F576 /* [CP] Embed Pods Frameworks */ = {
			isa = PBXShellScriptBuildPhase;
			buildActionMask = 2147483647;
			files = (
			);
			inputPaths = (
			);
			name = "[CP] Embed Pods Frameworks";
			outputPaths = (
			);
			runOnlyForDeploymentPostprocessing = 0;
			shellPath = /bin/sh;
			shellScript = "\"${SRCROOT}/Pods/Target Support Files/Pods-DrawNum/Pods-DrawNum-frameworks.sh\"\n";
			showEnvVarsInLog = 0;
		};
/* End PBXShellScriptBuildPhase section */

/* Begin PBXSourcesBuildPhase section */
		7355C9071EA14CE4006DF6AA /* Sources */ = {
			isa = PBXSourcesBuildPhase;
			buildActionMask = 2147483647;
			files = (
				734208801EA1C1D400DBB0A0 /* BitmapManager.swift in Sources */,
				7342087E1EA1C11100DBB0A0 /* UIImage+Bitmap.swift in Sources */,
				7355C9111EA14CE4006DF6AA /* MainViewController.swift in Sources */,
				7355C90F1EA14CE4006DF6AA /* AppDelegate.swift in Sources */,
				734208821EA1C26600DBB0A0 /* Bitmap.swift in Sources */,
				7355C9241EA15661006DF6AA /* DrawView.swift in Sources */,
			);
			runOnlyForDeploymentPostprocessing = 0;
		};
/* End PBXSourcesBuildPhase section */

/* Begin PBXVariantGroup section */
		7355C9121EA14CE4006DF6AA /* Main.storyboard */ = {
			isa = PBXVariantGroup;
			children = (
				7355C9131EA14CE4006DF6AA /* Base */,
			);
			name = Main.storyboard;
			sourceTree = "<group>";
		};
		7355C9171EA14CE4006DF6AA /* LaunchScreen.storyboard */ = {
			isa = PBXVariantGroup;
			children = (
				7355C9181EA14CE4006DF6AA /* Base */,
			);
			name = LaunchScreen.storyboard;
			sourceTree = "<group>";
		};
/* End PBXVariantGroup section */

/* Begin XCBuildConfiguration section */
		7355C91B1EA14CE4006DF6AA /* Debug */ = {
			isa = XCBuildConfiguration;
			buildSettings = {
				ALWAYS_SEARCH_USER_PATHS = NO;
				CLANG_ANALYZER_NONNULL = YES;
				CLANG_ANALYZER_NUMBER_OBJECT_CONVERSION = YES_AGGRESSIVE;
				CLANG_CXX_LANGUAGE_STANDARD = "gnu++0x";
				CLANG_CXX_LIBRARY = "libc++";
				CLANG_ENABLE_MODULES = YES;
				CLANG_ENABLE_OBJC_ARC = YES;
				CLANG_WARN_BOOL_CONVERSION = YES;
				CLANG_WARN_CONSTANT_CONVERSION = YES;
				CLANG_WARN_DIRECT_OBJC_ISA_USAGE = YES_ERROR;
				CLANG_WARN_DOCUMENTATION_COMMENTS = YES;
				CLANG_WARN_EMPTY_BODY = YES;
				CLANG_WARN_ENUM_CONVERSION = YES;
				CLANG_WARN_INFINITE_RECURSION = YES;
				CLANG_WARN_INT_CONVERSION = YES;
				CLANG_WARN_OBJC_ROOT_CLASS = YES_ERROR;
				CLANG_WARN_SUSPICIOUS_MOVE = YES;
				CLANG_WARN_UNREACHABLE_CODE = YES;
				CLANG_WARN__DUPLICATE_METHOD_MATCH = YES;
				"CODE_SIGN_IDENTITY[sdk=iphoneos*]" = "iPhone Developer";
				COPY_PHASE_STRIP = NO;
				DEBUG_INFORMATION_FORMAT = dwarf;
				ENABLE_STRICT_OBJC_MSGSEND = YES;
				ENABLE_TESTABILITY = YES;
				GCC_C_LANGUAGE_STANDARD = gnu99;
				GCC_DYNAMIC_NO_PIC = NO;
				GCC_NO_COMMON_BLOCKS = YES;
				GCC_OPTIMIZATION_LEVEL = 0;
				GCC_PREPROCESSOR_DEFINITIONS = (
					"DEBUG=1",
					"$(inherited)",
				);
				GCC_WARN_64_TO_32_BIT_CONVERSION = YES;
				GCC_WARN_ABOUT_RETURN_TYPE = YES_ERROR;
				GCC_WARN_UNDECLARED_SELECTOR = YES;
				GCC_WARN_UNINITIALIZED_AUTOS = YES_AGGRESSIVE;
				GCC_WARN_UNUSED_FUNCTION = YES;
				GCC_WARN_UNUSED_VARIABLE = YES;
				IPHONEOS_DEPLOYMENT_TARGET = 10.3;
				MTL_ENABLE_DEBUG_INFO = YES;
				ONLY_ACTIVE_ARCH = YES;
				SDKROOT = iphoneos;
				SWIFT_ACTIVE_COMPILATION_CONDITIONS = DEBUG;
				SWIFT_OPTIMIZATION_LEVEL = "-Onone";
				TARGETED_DEVICE_FAMILY = "1,2";
			};
			name = Debug;
		};
		7355C91C1EA14CE4006DF6AA /* Release */ = {
			isa = XCBuildConfiguration;
			buildSettings = {
				ALWAYS_SEARCH_USER_PATHS = NO;
				CLANG_ANALYZER_NONNULL = YES;
				CLANG_ANALYZER_NUMBER_OBJECT_CONVERSION = YES_AGGRESSIVE;
				CLANG_CXX_LANGUAGE_STANDARD = "gnu++0x";
				CLANG_CXX_LIBRARY = "libc++";
				CLANG_ENABLE_MODULES = YES;
				CLANG_ENABLE_OBJC_ARC = YES;
				CLANG_WARN_BOOL_CONVERSION = YES;
				CLANG_WARN_CONSTANT_CONVERSION = YES;
				CLANG_WARN_DIRECT_OBJC_ISA_USAGE = YES_ERROR;
				CLANG_WARN_DOCUMENTATION_COMMENTS = YES;
				CLANG_WARN_EMPTY_BODY = YES;
				CLANG_WARN_ENUM_CONVERSION = YES;
				CLANG_WARN_INFINITE_RECURSION = YES;
				CLANG_WARN_INT_CONVERSION = YES;
				CLANG_WARN_OBJC_ROOT_CLASS = YES_ERROR;
				CLANG_WARN_SUSPICIOUS_MOVE = YES;
				CLANG_WARN_UNREACHABLE_CODE = YES;
				CLANG_WARN__DUPLICATE_METHOD_MATCH = YES;
				"CODE_SIGN_IDENTITY[sdk=iphoneos*]" = "iPhone Developer";
				COPY_PHASE_STRIP = NO;
				DEBUG_INFORMATION_FORMAT = "dwarf-with-dsym";
				ENABLE_NS_ASSERTIONS = NO;
				ENABLE_STRICT_OBJC_MSGSEND = YES;
				GCC_C_LANGUAGE_STANDARD = gnu99;
				GCC_NO_COMMON_BLOCKS = YES;
				GCC_WARN_64_TO_32_BIT_CONVERSION = YES;
				GCC_WARN_ABOUT_RETURN_TYPE = YES_ERROR;
				GCC_WARN_UNDECLARED_SELECTOR = YES;
				GCC_WARN_UNINITIALIZED_AUTOS = YES_AGGRESSIVE;
				GCC_WARN_UNUSED_FUNCTION = YES;
				GCC_WARN_UNUSED_VARIABLE = YES;
				IPHONEOS_DEPLOYMENT_TARGET = 10.3;
				MTL_ENABLE_DEBUG_INFO = NO;
				SDKROOT = iphoneos;
				SWIFT_OPTIMIZATION_LEVEL = "-Owholemodule";
				TARGETED_DEVICE_FAMILY = "1,2";
				VALIDATE_PRODUCT = YES;
			};
			name = Release;
		};
		7355C91E1EA14CE4006DF6AA /* Debug */ = {
			isa = XCBuildConfiguration;
			baseConfigurationReference = 56A4BFF47A59A80929BDB741 /* Pods-DrawNum.debug.xcconfig */;
			buildSettings = {
				ASSETCATALOG_COMPILER_APPICON_NAME = AppIcon;
				DEVELOPMENT_TEAM = 3XY72ZA2YW;
				INFOPLIST_FILE = DrawNum/Info.plist;
				LD_RUNPATH_SEARCH_PATHS = "$(inherited) @executable_path/Frameworks";
				PRODUCT_BUNDLE_IDENTIFIER = com.sistemasInteligentesItesm.jcTorres.cVillanueva.DrawNum;
				PRODUCT_NAME = "$(TARGET_NAME)";
				SWIFT_VERSION = 3.0;
				TARGETED_DEVICE_FAMILY = "1,2";
			};
			name = Debug;
		};
		7355C91F1EA14CE4006DF6AA /* Release */ = {
			isa = XCBuildConfiguration;
			baseConfigurationReference = 998B9CAC9F25AFCD494769E6 /* Pods-DrawNum.release.xcconfig */;
			buildSettings = {
				ASSETCATALOG_COMPILER_APPICON_NAME = AppIcon;
				DEVELOPMENT_TEAM = 3XY72ZA2YW;
				INFOPLIST_FILE = DrawNum/Info.plist;
				LD_RUNPATH_SEARCH_PATHS = "$(inherited) @executable_path/Frameworks";
				PRODUCT_BUNDLE_IDENTIFIER = com.sistemasInteligentesItesm.jcTorres.cVillanueva.DrawNum;
				PRODUCT_NAME = "$(TARGET_NAME)";
				SWIFT_VERSION = 3.0;
				TARGETED_DEVICE_FAMILY = "1,2";
			};
			name = Release;
		};
/* End XCBuildConfiguration section */

/* Begin XCConfigurationList section */
		7355C9061EA14CE4006DF6AA /* Build configuration list for PBXProject "DrawNum" */ = {
			isa = XCConfigurationList;
			buildConfigurations = (
				7355C91B1EA14CE4006DF6AA /* Debug */,
				7355C91C1EA14CE4006DF6AA /* Release */,
			);
			defaultConfigurationIsVisible = 0;
			defaultConfigurationName = Release;
		};
		7355C91D1EA14CE4006DF6AA /* Build configuration list for PBXNativeTarget "DrawNum" */ = {
			isa = XCConfigurationList;
			buildConfigurations = (
				7355C91E1EA14CE4006DF6AA /* Debug */,
				7355C91F1EA14CE4006DF6AA /* Release */,
			);
			defaultConfigurationIsVisible = 0;
			defaultConfigurationName = Release;
		};
/* End XCConfigurationList section */
	};
	rootObject = 7355C9031EA14CE4006DF6AA /* Project object */;
}
